# This file is autogenerated, do not edit; changes may be undone by the next 'dep ensure'.


[[projects]]
  name = "github.com/boltdb/bolt"
  packages = ["."]
  revision = "8a2a9b2eb7123c41ea752bab494ff046909e9473"

[[projects]]
  name = "github.com/cenkalti/backoff"
  packages = ["."]
  revision = "32cd0c5b3aef12c76ed64aaf678f6c79736be7dc"
  version = "v1.0.0"

[[projects]]
  name = "github.com/codegangsta/cli"
  packages = ["."]
  revision = "30b361bf66a60174a9589458afbf494478bafd00"

[[projects]]
  name = "github.com/dgrijalva/jwt-go"
  packages = ["."]
  revision = "668b54691aeab72f51c3ab9e0f6262521f201af3"

[[projects]]
  name = "github.com/gorilla/context"
  packages = ["."]
  revision = "1ea25387ff6f684839d82767c1733ff4d4d15d0a"
  version = "v1.1"

[[projects]]
  name = "github.com/gorilla/mux"
  packages = ["."]
  revision = "0eeaf8392f5b04950925b8a69fe70f110fa7cbfc"
  version = "v1.1"

[[projects]]
  name = "github.com/gorilla/websocket"
  packages = ["."]
  revision = "e2e3d8414d0fbae04004f151979f4e27c6747fe7"

[[projects]]
  name = "github.com/juju/ratelimit"
  packages = ["."]
  revision = "77ed1c8a01217656d2080ad51981f6e99adaa177"

[[projects]]
  name = "github.com/julienschmidt/httprouter"
  packages = ["."]
  revision = "8c199fb6259ffc1af525cc3ad52ee60ba8359669"
  version = "v1.1"

[[projects]]
  name = "github.com/koding/cache"
  packages = ["."]
  revision = "704055ea875a873a183314b60735f7ba403429da"

[[projects]]
  name = "github.com/koding/kite"
  packages = [
    ".",
    "config",
    "dnode",
    "kitekey",
    "protocol",
    "sockjsclient",
    "systeminfo"
  ]
  revision = "19ceb4e61b5cf3198c87a5ca6be99d4ca630bb23"

[[projects]]
  name = "github.com/koding/logging"
  packages = ["."]
  revision = "bd69e57f3b8c014892d8508cbd83972fed0df36d"

[[projects]]
  name = "github.com/looplab/fsm"
  packages = ["."]
  revision = "406628531e6e20c817c9ff2260f60b3284b5966a"

[[projects]]
  name = "github.com/matryer/try"
  packages = ["."]
  revision = "8316cbf8a73db1d13c3b8840c39ced55141f41fd"

[[projects]]
  name = "github.com/mitchellh/mapstructure"
  packages = ["."]
  revision = "d2dd0262208475919e1a362f675cfc0e7c10e905"

[[projects]]
  name = "github.com/satori/go.uuid"
  packages = ["."]
  revision = "e673fdd4dea8a7334adbbe7f57b7e4b00bdc5502"

[[projects]]
  branch = "master"
  name = "github.com/seanpont/assert"
  packages = ["."]
  revision = "4b06649e62f72436465fa536df365be748192ba3"

[[projects]]
  name = "golang.org/x/crypto"
  packages = ["ssh/terminal"]
  revision = "c197bcf24cde29d3f73c7b4ac6fd41f4384e8af6"

[[projects]]
  name = "golang.org/x/net"
  packages = ["context"]
  revision = "a8c61998a557a37435f719980da368469c10bfed"

[[projects]]
  name = "gopkg.in/igm/sockjs-go.v2"
  packages = ["sockjs"]
  revision = "05b5e3121f692bea77aeb1160e4e7881017dc093"

[[projects]]
  branch = "v1"
  name = "gopkg.in/loom.v1"
  packages = [
    "config",
    "expvar",
    "log",
    "server",
    "worker"
  ]
  revision = "00eef0a23a77cc8327c43f524b2b6ea7bb280ea1"

[solve-meta]
  analyzer-name = "dep"
  analyzer-version = 1
  inputs-digest = "0b8d745fecc7b18b14c59a103186b2ab066d1139552610dca04820d9a79c7135"
  solver-name = "gps-cdcl"
  solver-version = 1
